
Microsoft Visual Studio Solution File, Format Version 12.00
# Visual Studio Version 16
VisualStudioVersion = 16.0.30413.136
MinimumVisualStudioVersion = 10.0.40219.1
Project("{FAE04EC0-301F-11D3-BF4B-00C04F79EFBC}") = "VendasConsole", "VendasConsole\VendasConsole.csproj", "{A27CFD68-C5C4-45C0-96D1-3259D793A622}"
EndProject
Global
	GlobalSection(SolutionConfigurationPlatforms) = preSolution
		Debug|Any CPU = Debug|Any CPU
		Release|Any CPU = Release|Any CPU
	EndGlobalSection
	GlobalSection(ProjectConfigurationPlatforms) = postSolution
		{A27CFD68-C5C4-45C0-96D1-3259D793A622}.Debug|Any CPU.ActiveCfg = Debug|Any CPU
		{A27CFD68-C5C4-45C0-96D1-3259D793A622}.Debug|Any CPU.Build.0 = Debug|Any CPU
		{A27CFD68-C5C4-45C0-96D1-3259D793A622}.Release|Any CPU.ActiveCfg = Release|Any CPU
		{A27CFD68-C5C4-45C0-96D1-3259D793A622}.Release|Any CPU.Build.0 = Release|Any CPU
	EndGlobalSection
	GlobalSection(SolutionProperties) = preSolution
		HideSolutionNode = FALSE
	EndGlobalSection
	GlobalSection(ExtensibilityGlobals) = postSolution
		SolutionGuid = {CC1BB0A1-BC92-4A05-92B5-80C56AC84F85}
	EndGlobalSection
EndGlobal
